# This file is autogenerated, do not edit; changes may be undone by the next 'dep ensure'.


[[projects]]
  branch = "master"
  name = "github.com/Wessie/appdirs"
  packages = ["."]
  revision = "6573e894f8e294cbae0c4e45c25ff9f2e2918a4e"

[[projects]]
  branch = "master"
  name = "github.com/alexmullins/zip"
  packages = ["."]
  revision = "4affb64b04d017a32f9443975e26e841da367e0f"

[[projects]]
  branch = "master"
  name = "github.com/amoghe/go-crypt"
  packages = ["."]
  revision = "f85b640b0eefd979ef9bb2e919b53fe66f8b7b39"

[[projects]]
  branch = "master"
  name = "github.com/flopp/go-coordsparser"
  packages = ["."]
  revision = "845bca739e263e1cd38de25024a47b4d6acbfc1f"

[[projects]]
  branch = "master"
  name = "github.com/flopp/go-staticmaps"
  packages = ["."]
  revision = "320790ed53294a789e715b3d0d5da8110efea1a2"

[[projects]]
  branch = "master"
  name = "github.com/fogleman/gg"
  packages = ["."]
  revision = "0403632d5b905943a1c2a5b2763aaecd568467ec"

[[projects]]
  branch = "master"
  name = "github.com/golang/freetype"
  packages = [
    "raster",
    "truetype"
  ]
  revision = "e2365dfdc4a05e4b8299a783240d4a7d5a65d4e4"

[[projects]]
  branch = "master"
  name = "github.com/golang/geo"
  packages = [
    "r1",
    "r2",
    "r3",
    "s1",
    "s2"
  ]
  revision = "476085157cff9aaeef4d4f124649436542d4114a"

[[projects]]
  name = "github.com/google/gopacket"
  packages = [
    ".",
    "layers",
    "pcap"
  ]
  revision = "7f3fc6cbbb499248dca53da7fe3ed6c25a78d22f"
  version = "v1.1.16"

[[projects]]
  name = "github.com/jessevdk/go-flags"
  packages = ["."]
  revision = "c6ca198ec95c841fdb89fc0de7496fed11ab854e"
  version = "v1.4.0"

[[projects]]
  name = "github.com/mattn/go-sqlite3"
  packages = ["."]
  revision = "c7c4067b79cc51e6dfdcef5c702e74b1e0fa7c75"
  version = "v1.10.0"

[[projects]]
  name = "github.com/oschwald/geoip2-golang"
  packages = ["."]
  revision = "7118115686e16b77967cdbf55d1b944fe14ad312"
  version = "v1.2.1"

[[projects]]
  name = "github.com/oschwald/maxminddb-golang"
  packages = ["."]
  revision = "c5bec84d1963260297932a1b7a1753c8420717a7"
  version = "v1.3.0"

[[projects]]
  branch = "go1"
  name = "github.com/rwcarlsen/goexif"
  packages = [
    "exif",
    "tiff"
  ]
  revision = "b1fd11e07dc5bc0d2ca3b79d28cbdf3c6d186247"

[[projects]]
  branch = "master"
  name = "github.com/shavac/gexpect"
  packages = [
    ".",
    "pty"
  ]
  revision = "ecdc926672398a032a8ab43aefb28c933d515d6d"

[[projects]]
  name = "github.com/tkrajina/gpxgo"
  packages = ["gpx"]
  revision = "1b1f71eb1b590891d4ce4e1325f8bacbb20d8d4c"
  version = "v1.0.0"

[[projects]]
  branch = "master"
  name = "golang.org/x/crypto"
  packages = [
    "curve25519",
    "ed25519",
    "ed25519/internal/edwards25519",
    "internal/chacha20",
    "internal/subtle",
    "pbkdf2",
    "poly1305",
    "ssh",
    "ssh/agent"
  ]
  revision = "ffb98f73852f696ea2bb21a617a5c4b3e067a439"

[[projects]]
  branch = "master"
  name = "golang.org/x/image"
  packages = [
    "draw",
    "font",
    "font/basicfont",
    "font/plan9font",
    "math/f64",
    "math/fixed"
  ]
  revision = "31aff87c08e9a5e5d524279a564f96968336f886"

[[projects]]
  branch = "master"
  name = "golang.org/x/sys"
  packages = [
    "unix",
    "windows"
  ]
  revision = "cd391775e71e684db52b63df9affd58269495083"

[[projects]]
  name = "rsc.io/pdf"
  packages = ["."]
  revision = "48d040297cebccc9e8dc43927e1b8036ecd33bfe"
  version = "v0.1.1"

[solve-meta]
  analyzer-name = "dep"
  analyzer-version = 1
  inputs-digest = "8aa14aa6950e22bb559caa4bbbc6b0fdb37973bf578ead1919a264801843176c"
  solver-name = "gps-cdcl"
  solver-version = 1
