# This file is autogenerated, do not edit; changes may be undone by the next 'dep ensure'.


[[projects]]
  branch = "master"
  name = "github.com/alexmullins/zip"
  packages = ["."]
  revision = "f15f84f02c488c15e69b576a09169d08ac206988"

[[projects]]
  branch = "master"
  name = "github.com/amoghe/go-crypt"
  packages = ["."]
  revision = "f85b640b0eefd979ef9bb2e919b53fe66f8b7b39"

[[projects]]
  name = "github.com/google/gopacket"
  packages = [
    ".",
    "layers",
    "pcap"
  ]
  revision = "11c65f1ca9081dfea43b4f9643f5c155583b73ba"
  version = "v1.1.14"

[[projects]]
  name = "github.com/jessevdk/go-flags"
  packages = ["."]
  revision = "c6ca198ec95c841fdb89fc0de7496fed11ab854e"
  version = "v1.4.0"

[[projects]]
  name = "github.com/mattn/go-sqlite3"
  packages = ["."]
  revision = "323a32be5a2421b8c7087225079c6c900ec397cd"
  version = "v1.7.0"

[[projects]]
  name = "github.com/oschwald/geoip2-golang"
  packages = ["."]
  revision = "7118115686e16b77967cdbf55d1b944fe14ad312"
  version = "v1.2.1"

[[projects]]
  name = "github.com/oschwald/maxminddb-golang"
  packages = ["."]
  revision = "c5bec84d1963260297932a1b7a1753c8420717a7"
  version = "v1.3.0"

[[projects]]
  branch = "go1"
  name = "github.com/rwcarlsen/goexif"
  packages = [
    "exif",
    "tiff"
  ]
  revision = "8d986c03457a2057c7b0fb0a48113f7dd48f9619"

[[projects]]
  branch = "master"
  name = "github.com/shavac/gexpect"
  packages = [
    ".",
    "pty"
  ]
  revision = "ecdc926672398a032a8ab43aefb28c933d515d6d"

[[projects]]
  branch = "master"
  name = "golang.org/x/crypto"
  packages = [
    "curve25519",
    "ed25519",
    "ed25519/internal/edwards25519",
    "internal/chacha20",
    "pbkdf2",
    "poly1305",
    "ssh",
    "ssh/agent"
  ]
  revision = "5ba7f63082460102a45837dbd1827e10f9479ac0"

[[projects]]
  branch = "master"
  name = "golang.org/x/sys"
  packages = [
    "unix",
    "windows"
  ]
  revision = "c11f84a56e43e20a78cee75a7c034031ecf57d1f"

[[projects]]
  name = "rsc.io/pdf"
  packages = ["."]
  revision = "48d040297cebccc9e8dc43927e1b8036ecd33bfe"
  version = "v0.1.1"

[solve-meta]
  analyzer-name = "dep"
  analyzer-version = 1
  inputs-digest = "08ad4275b1faab363ca675a710b9ecb55a808a5564b3a489368377aee63597b8"
  solver-name = "gps-cdcl"
  solver-version = 1
